
Microsoft Visual Studio Solution File, Format Version 12.00
# Visual Studio Version 16
VisualStudioVersion = 16.0.31624.102
MinimumVisualStudioVersion = 10.0.40219.1
Project("{FAE04EC0-301F-11D3-BF4B-00C04F79EFBC}") = "Cool classes", "Cool classes\Cool classes.csproj", "{B5C734D7-BDD8-412E-ADC1-A46AEBE3C95C}"
EndProject
Global
	GlobalSection(SolutionConfigurationPlatforms) = preSolution
		Debug|Any CPU = Debug|Any CPU
		Release|Any CPU = Release|Any CPU
	EndGlobalSection
	GlobalSection(ProjectConfigurationPlatforms) = postSolution
		{B5C734D7-BDD8-412E-ADC1-A46AEBE3C95C}.Debug|Any CPU.ActiveCfg = Debug|Any CPU
		{B5C734D7-BDD8-412E-ADC1-A46AEBE3C95C}.Debug|Any CPU.Build.0 = Debug|Any CPU
		{B5C734D7-BDD8-412E-ADC1-A46AEBE3C95C}.Release|Any CPU.ActiveCfg = Release|Any CPU
		{B5C734D7-BDD8-412E-ADC1-A46AEBE3C95C}.Release|Any CPU.Build.0 = Release|Any CPU
	EndGlobalSection
	GlobalSection(SolutionProperties) = preSolution
		HideSolutionNode = FALSE
	EndGlobalSection
	GlobalSection(ExtensibilityGlobals) = postSolution
		SolutionGuid = {C45303AA-F86D-4536-9BE2-225F88937631}
	EndGlobalSection
EndGlobal
